
Microsoft Visual Studio Solution File, Format Version 12.00
# Visual Studio Version 17
VisualStudioVersion = 17.1.32319.34
MinimumVisualStudioVersion = 10.0.40219.1
Project("{FAE04EC0-301F-11D3-BF4B-00C04F79EFBC}") = "Prog_2_F22_Lecture_4", "Prog_2_F22_Lecture_4.csproj", "{DEE9D79C-C56F-49C9-BFAB-7EF7EED7253D}"
EndProject
Global
	GlobalSection(SolutionConfigurationPlatforms) = preSolution
		Debug|Any CPU = Debug|Any CPU
		Release|Any CPU = Release|Any CPU
	EndGlobalSection
	GlobalSection(ProjectConfigurationPlatforms) = postSolution
		{DEE9D79C-C56F-49C9-BFAB-7EF7EED7253D}.Debug|Any CPU.ActiveCfg = Debug|Any CPU
		{DEE9D79C-C56F-49C9-BFAB-7EF7EED7253D}.Debug|Any CPU.Build.0 = Debug|Any CPU
		{DEE9D79C-C56F-49C9-BFAB-7EF7EED7253D}.Release|Any CPU.ActiveCfg = Release|Any CPU
		{DEE9D79C-C56F-49C9-BFAB-7EF7EED7253D}.Release|Any CPU.Build.0 = Release|Any CPU
	EndGlobalSection
	GlobalSection(SolutionProperties) = preSolution
		HideSolutionNode = FALSE
	EndGlobalSection
	GlobalSection(ExtensibilityGlobals) = postSolution
		SolutionGuid = {24A71385-49BF-4DD6-A7BD-EDE715E3CD56}
	EndGlobalSection
EndGlobal
